
Microsoft Visual Studio Solution File, Format Version 12.00
# Visual Studio Version 17
VisualStudioVersion = 17.7.34031.279
MinimumVisualStudioVersion = 10.0.40219.1
Project("{FAE04EC0-301F-11D3-BF4B-00C04F79EFBC}") = "PlayerAndTeamRequirements", "PlayerAndTeamRequirements\PlayerAndTeamRequirements.csproj", "{A044F6CD-6B88-446D-86FB-79A6F20CD2F5}"
EndProject
Global
	GlobalSection(SolutionConfigurationPlatforms) = preSolution
		Debug|Any CPU = Debug|Any CPU
		Release|Any CPU = Release|Any CPU
	EndGlobalSection
	GlobalSection(ProjectConfigurationPlatforms) = postSolution
		{A044F6CD-6B88-446D-86FB-79A6F20CD2F5}.Debug|Any CPU.ActiveCfg = Debug|Any CPU
		{A044F6CD-6B88-446D-86FB-79A6F20CD2F5}.Debug|Any CPU.Build.0 = Debug|Any CPU
		{A044F6CD-6B88-446D-86FB-79A6F20CD2F5}.Release|Any CPU.ActiveCfg = Release|Any CPU
		{A044F6CD-6B88-446D-86FB-79A6F20CD2F5}.Release|Any CPU.Build.0 = Release|Any CPU
	EndGlobalSection
	GlobalSection(SolutionProperties) = preSolution
		HideSolutionNode = FALSE
	EndGlobalSection
	GlobalSection(ExtensibilityGlobals) = postSolution
		SolutionGuid = {9B9D0585-1196-4B9D-A064-4ACC4C13A427}
	EndGlobalSection
EndGlobal
